
Microsoft Visual Studio Solution File, Format Version 12.00
# Visual Studio Version 16
VisualStudioVersion = 16.0.30114.105
MinimumVisualStudioVersion = 10.0.40219.1
Project("{2150E333-8FDC-42A3-9474-1A3956D46DE8}") = "Accord", "Accord", "{C598935B-FA19-4671-96D9-DE9452A5A714}"
EndProject
Project("{FAE04EC0-301F-11D3-BF4B-00C04F79EFBC}") = "Accord.Core", "Accord\Accord.Core\Accord.Core.csproj", "{4759C8CF-60D3-4E26-9F4E-16C54728427E}"
EndProject
Project("{FAE04EC0-301F-11D3-BF4B-00C04F79EFBC}") = "Accord.Imaging", "Accord\Accord.Imaging\Accord.Imaging.csproj", "{453D2B34-390F-4226-89E5-DFF6B6031685}"
EndProject
Project("{FAE04EC0-301F-11D3-BF4B-00C04F79EFBC}") = "Accord.MachineLearning", "Accord\Accord.MachineLearning\Accord.MachineLearning.csproj", "{57C3337E-0D1C-470F-82BB-188DF846940D}"
EndProject
Project("{FAE04EC0-301F-11D3-BF4B-00C04F79EFBC}") = "Accord.Math", "Accord\Accord.Math\Accord.Math.csproj", "{4F11E200-A8E4-4017-8A87-7C4A3907C4A8}"
EndProject
Project("{FAE04EC0-301F-11D3-BF4B-00C04F79EFBC}") = "Accord.Math.Core", "Accord\Accord.Math.Core\Accord.Math.Core.csproj", "{09EF58CF-E1C3-4336-AAF9-4538E41BE94D}"
EndProject
Project("{FAE04EC0-301F-11D3-BF4B-00C04F79EFBC}") = "Accord.Statistics", "Accord\Accord.Statistics\Accord.Statistics.csproj", "{9A2AC576-D027-4E14-862B-841B7C6B741F}"
EndProject
Project("{FAE04EC0-301F-11D3-BF4B-00C04F79EFBC}") = "Accord.Video", "Accord\Accord.Video\Accord.Video.csproj", "{7F35A131-2D3F-4863-B244-3447776FD4F2}"
EndProject
Project("{FAE04EC0-301F-11D3-BF4B-00C04F79EFBC}") = "Accord.Vision", "Accord\Accord.Vision\Accord.Vision.csproj", "{8F61D102-D1EB-4412-AC70-5D5E42E34C3F}"
EndProject
Project("{FAE04EC0-301F-11D3-BF4B-00C04F79EFBC}") = "Damselfly.Core", "Damselfly.Core\Damselfly.Core.csproj", "{00C83C17-A311-445F-95A2-046F56D23904}"
EndProject
Project("{FAE04EC0-301F-11D3-BF4B-00C04F79EFBC}") = "Damselfly.Core.Constants", "Damselfly.Core.Constants\Damselfly.Core.Constants.csproj", "{199CAF9F-166F-4779-9AE1-05FDBB31A174}"
EndProject
Project("{FAE04EC0-301F-11D3-BF4B-00C04F79EFBC}") = "Damselfly.Core.DbModels", "Damselfly.Core.DbModels\Damselfly.Core.DbModels.csproj", "{D9F9EE11-44CA-481A-9994-CBBE476EB3C5}"
EndProject
Project("{FAE04EC0-301F-11D3-BF4B-00C04F79EFBC}") = "Damselfly.Core.ImageProcessing", "Damselfly.Core.ImageProcessing\Damselfly.Core.ImageProcessing.csproj", "{8017C059-4642-42DB-8C94-9A3C1326DE17}"
EndProject
Project("{FAE04EC0-301F-11D3-BF4B-00C04F79EFBC}") = "Damselfly.Core.Interfaces", "Damselfly.Core.Interfaces\Damselfly.Core.Interfaces.csproj", "{3E301113-3B11-4C73-B1A7-7AC35B1590A9}"
EndProject
Project("{FAE04EC0-301F-11D3-BF4B-00C04F79EFBC}") = "Damselfly.Core.ScopedServices", "Damselfly.Core.ScopedServices\Damselfly.Core.ScopedServices.csproj", "{1C63291D-C3B8-45F2-BF8F-58CBF2AC1F1A}"
EndProject
Project("{FAE04EC0-301F-11D3-BF4B-00C04F79EFBC}") = "Damselfly.Core.Utils", "Damselfly.Core.Utils\Damselfly.Core.Utils.csproj", "{ADFF7F5A-6963-4ECD-890E-F03B03B6551F}"
EndProject
Project("{FAE04EC0-301F-11D3-BF4B-00C04F79EFBC}") = "Damselfly.Migrations.Postgres", "Damselfly.Migrations.Postgres\Damselfly.Migrations.Postgres.csproj", "{4A5032AC-6643-47C5-BDF3-9F6B7D252CDF}"
EndProject
Project("{FAE04EC0-301F-11D3-BF4B-00C04F79EFBC}") = "Damselfly.Migrations.Sqlite", "Damselfly.Migrations.Sqlite\Damselfly.Migrations.Sqlite.csproj", "{8C7D7016-9D01-41A5-8B6B-906CE6C016B4}"
EndProject
Project("{FAE04EC0-301F-11D3-BF4B-00C04F79EFBC}") = "Damselfly.ML.AccordFace", "Damselfly.ML.AccordFace\Damselfly.ML.AccordFace.csproj", "{70279672-3B46-48F3-B218-C6B864FD123A}"
EndProject
Project("{FAE04EC0-301F-11D3-BF4B-00C04F79EFBC}") = "Damselfly.ML.AzureFace", "Damselfly.ML.AzureFace\Damselfly.ML.AzureFace.csproj", "{6A35D4F5-76E9-43AD-ABF4-6C2E44C7A2EB}"
EndProject
Project("{FAE04EC0-301F-11D3-BF4B-00C04F79EFBC}") = "Damselfly.ML.EmguFace", "Damselfly.ML.EmguFace\Damselfly.ML.EmguFace.csproj", "{02ACD82A-6F51-4F3C-B2F0-B53CE5013A2B}"
EndProject
Project("{FAE04EC0-301F-11D3-BF4B-00C04F79EFBC}") = "Damselfly.ML.ImageClassification", "Damselfly.ML.ImageClassification\Damselfly.ML.ImageClassification.csproj", "{A40A832A-5736-442A-88D4-5DDE71964193}"
EndProject
Project("{FAE04EC0-301F-11D3-BF4B-00C04F79EFBC}") = "Damselfly.ML.ObjectDetection", "Damselfly.ML.ObjectDetection.ML\Damselfly.ML.ObjectDetection.csproj", "{C2504134-A19E-428F-8681-927152563DBB}"
EndProject
Project("{FAE04EC0-301F-11D3-BF4B-00C04F79EFBC}") = "Damselfly.Web", "Damselfly.Web\Damselfly.Web.csproj", "{10C25AF1-7791-4748-A83A-9C1C1FC20CA8}"
EndProject
Project("{FAE04EC0-301F-11D3-BF4B-00C04F79EFBC}") = "Damselfly.Web.Client", "Damselfly.Web.Client\Damselfly.Web.Client.csproj", "{C10B9995-46DF-4188-B2BC-7BF20EB9F466}"
EndProject
Project("{FAE04EC0-301F-11D3-BF4B-00C04F79EFBC}") = "Damselfly.Web.Components", "Damselfly.Web.Components\Damselfly.Web.Components.csproj", "{194C995C-A9C3-44A5-801B-1284A89E6F32}"
EndProject
Project("{FAE04EC0-301F-11D3-BF4B-00C04F79EFBC}") = "Damselfly.Web.Server", "Damselfly.Web.Server\Damselfly.Web.Server.csproj", "{CC90115D-4146-47D4-8B26-D773FAA51437}"
EndProject
Global
	GlobalSection(SolutionConfigurationPlatforms) = preSolution
		Debug|Any CPU = Debug|Any CPU
		Release|Any CPU = Release|Any CPU
	EndGlobalSection
	GlobalSection(SolutionProperties) = preSolution
		HideSolutionNode = FALSE
	EndGlobalSection
	GlobalSection(ProjectConfigurationPlatforms) = postSolution
		{4759C8CF-60D3-4E26-9F4E-16C54728427E}.Debug|Any CPU.ActiveCfg = Debug|Any CPU
		{4759C8CF-60D3-4E26-9F4E-16C54728427E}.Debug|Any CPU.Build.0 = Debug|Any CPU
		{4759C8CF-60D3-4E26-9F4E-16C54728427E}.Release|Any CPU.ActiveCfg = Release|Any CPU
		{4759C8CF-60D3-4E26-9F4E-16C54728427E}.Release|Any CPU.Build.0 = Release|Any CPU
		{453D2B34-390F-4226-89E5-DFF6B6031685}.Debug|Any CPU.ActiveCfg = Debug|Any CPU
		{453D2B34-390F-4226-89E5-DFF6B6031685}.Debug|Any CPU.Build.0 = Debug|Any CPU
		{453D2B34-390F-4226-89E5-DFF6B6031685}.Release|Any CPU.ActiveCfg = Release|Any CPU
		{453D2B34-390F-4226-89E5-DFF6B6031685}.Release|Any CPU.Build.0 = Release|Any CPU
		{57C3337E-0D1C-470F-82BB-188DF846940D}.Debug|Any CPU.ActiveCfg = Debug|Any CPU
		{57C3337E-0D1C-470F-82BB-188DF846940D}.Debug|Any CPU.Build.0 = Debug|Any CPU
		{57C3337E-0D1C-470F-82BB-188DF846940D}.Release|Any CPU.ActiveCfg = Release|Any CPU
		{57C3337E-0D1C-470F-82BB-188DF846940D}.Release|Any CPU.Build.0 = Release|Any CPU
		{4F11E200-A8E4-4017-8A87-7C4A3907C4A8}.Debug|Any CPU.ActiveCfg = Debug|Any CPU
		{4F11E200-A8E4-4017-8A87-7C4A3907C4A8}.Debug|Any CPU.Build.0 = Debug|Any CPU
		{4F11E200-A8E4-4017-8A87-7C4A3907C4A8}.Release|Any CPU.ActiveCfg = Release|Any CPU
		{4F11E200-A8E4-4017-8A87-7C4A3907C4A8}.Release|Any CPU.Build.0 = Release|Any CPU
		{09EF58CF-E1C3-4336-AAF9-4538E41BE94D}.Debug|Any CPU.ActiveCfg = Debug|Any CPU
		{09EF58CF-E1C3-4336-AAF9-4538E41BE94D}.Debug|Any CPU.Build.0 = Debug|Any CPU
		{09EF58CF-E1C3-4336-AAF9-4538E41BE94D}.Release|Any CPU.ActiveCfg = Release|Any CPU
		{09EF58CF-E1C3-4336-AAF9-4538E41BE94D}.Release|Any CPU.Build.0 = Release|Any CPU
		{9A2AC576-D027-4E14-862B-841B7C6B741F}.Debug|Any CPU.ActiveCfg = Debug|Any CPU
		{9A2AC576-D027-4E14-862B-841B7C6B741F}.Debug|Any CPU.Build.0 = Debug|Any CPU
		{9A2AC576-D027-4E14-862B-841B7C6B741F}.Release|Any CPU.ActiveCfg = Release|Any CPU
		{9A2AC576-D027-4E14-862B-841B7C6B741F}.Release|Any CPU.Build.0 = Release|Any CPU
		{7F35A131-2D3F-4863-B244-3447776FD4F2}.Debug|Any CPU.ActiveCfg = Debug|Any CPU
		{7F35A131-2D3F-4863-B244-3447776FD4F2}.Debug|Any CPU.Build.0 = Debug|Any CPU
		{7F35A131-2D3F-4863-B244-3447776FD4F2}.Release|Any CPU.ActiveCfg = Release|Any CPU
		{7F35A131-2D3F-4863-B244-3447776FD4F2}.Release|Any CPU.Build.0 = Release|Any CPU
		{8F61D102-D1EB-4412-AC70-5D5E42E34C3F}.Debug|Any CPU.ActiveCfg = Debug|Any CPU
		{8F61D102-D1EB-4412-AC70-5D5E42E34C3F}.Debug|Any CPU.Build.0 = Debug|Any CPU
		{8F61D102-D1EB-4412-AC70-5D5E42E34C3F}.Release|Any CPU.ActiveCfg = Release|Any CPU
		{8F61D102-D1EB-4412-AC70-5D5E42E34C3F}.Release|Any CPU.Build.0 = Release|Any CPU
		{00C83C17-A311-445F-95A2-046F56D23904}.Debug|Any CPU.ActiveCfg = Debug|Any CPU
		{00C83C17-A311-445F-95A2-046F56D23904}.Debug|Any CPU.Build.0 = Debug|Any CPU
		{00C83C17-A311-445F-95A2-046F56D23904}.Release|Any CPU.ActiveCfg = Release|Any CPU
		{00C83C17-A311-445F-95A2-046F56D23904}.Release|Any CPU.Build.0 = Release|Any CPU
		{199CAF9F-166F-4779-9AE1-05FDBB31A174}.Debug|Any CPU.ActiveCfg = Debug|Any CPU
		{199CAF9F-166F-4779-9AE1-05FDBB31A174}.Debug|Any CPU.Build.0 = Debug|Any CPU
		{199CAF9F-166F-4779-9AE1-05FDBB31A174}.Release|Any CPU.ActiveCfg = Release|Any CPU
		{199CAF9F-166F-4779-9AE1-05FDBB31A174}.Release|Any CPU.Build.0 = Release|Any CPU
		{D9F9EE11-44CA-481A-9994-CBBE476EB3C5}.Debug|Any CPU.ActiveCfg = Debug|Any CPU
		{D9F9EE11-44CA-481A-9994-CBBE476EB3C5}.Debug|Any CPU.Build.0 = Debug|Any CPU
		{D9F9EE11-44CA-481A-9994-CBBE476EB3C5}.Release|Any CPU.ActiveCfg = Release|Any CPU
		{D9F9EE11-44CA-481A-9994-CBBE476EB3C5}.Release|Any CPU.Build.0 = Release|Any CPU
		{8017C059-4642-42DB-8C94-9A3C1326DE17}.Debug|Any CPU.ActiveCfg = Debug|Any CPU
		{8017C059-4642-42DB-8C94-9A3C1326DE17}.Debug|Any CPU.Build.0 = Debug|Any CPU
		{8017C059-4642-42DB-8C94-9A3C1326DE17}.Release|Any CPU.ActiveCfg = Release|Any CPU
		{8017C059-4642-42DB-8C94-9A3C1326DE17}.Release|Any CPU.Build.0 = Release|Any CPU
		{3E301113-3B11-4C73-B1A7-7AC35B1590A9}.Debug|Any CPU.ActiveCfg = Debug|Any CPU
		{3E301113-3B11-4C73-B1A7-7AC35B1590A9}.Debug|Any CPU.Build.0 = Debug|Any CPU
		{3E301113-3B11-4C73-B1A7-7AC35B1590A9}.Release|Any CPU.ActiveCfg = Release|Any CPU
		{3E301113-3B11-4C73-B1A7-7AC35B1590A9}.Release|Any CPU.Build.0 = Release|Any CPU
		{1C63291D-C3B8-45F2-BF8F-58CBF2AC1F1A}.Debug|Any CPU.ActiveCfg = Debug|Any CPU
		{1C63291D-C3B8-45F2-BF8F-58CBF2AC1F1A}.Debug|Any CPU.Build.0 = Debug|Any CPU
		{1C63291D-C3B8-45F2-BF8F-58CBF2AC1F1A}.Release|Any CPU.ActiveCfg = Release|Any CPU
		{1C63291D-C3B8-45F2-BF8F-58CBF2AC1F1A}.Release|Any CPU.Build.0 = Release|Any CPU
		{ADFF7F5A-6963-4ECD-890E-F03B03B6551F}.Debug|Any CPU.ActiveCfg = Debug|Any CPU
		{ADFF7F5A-6963-4ECD-890E-F03B03B6551F}.Debug|Any CPU.Build.0 = Debug|Any CPU
		{ADFF7F5A-6963-4ECD-890E-F03B03B6551F}.Release|Any CPU.ActiveCfg = Release|Any CPU
		{ADFF7F5A-6963-4ECD-890E-F03B03B6551F}.Release|Any CPU.Build.0 = Release|Any CPU
		{4A5032AC-6643-47C5-BDF3-9F6B7D252CDF}.Debug|Any CPU.ActiveCfg = Debug|Any CPU
		{4A5032AC-6643-47C5-BDF3-9F6B7D252CDF}.Debug|Any CPU.Build.0 = Debug|Any CPU
		{4A5032AC-6643-47C5-BDF3-9F6B7D252CDF}.Release|Any CPU.ActiveCfg = Release|Any CPU
		{4A5032AC-6643-47C5-BDF3-9F6B7D252CDF}.Release|Any CPU.Build.0 = Release|Any CPU
		{8C7D7016-9D01-41A5-8B6B-906CE6C016B4}.Debug|Any CPU.ActiveCfg = Debug|Any CPU
		{8C7D7016-9D01-41A5-8B6B-906CE6C016B4}.Debug|Any CPU.Build.0 = Debug|Any CPU
		{8C7D7016-9D01-41A5-8B6B-906CE6C016B4}.Release|Any CPU.ActiveCfg = Release|Any CPU
		{8C7D7016-9D01-41A5-8B6B-906CE6C016B4}.Release|Any CPU.Build.0 = Release|Any CPU
		{70279672-3B46-48F3-B218-C6B864FD123A}.Debug|Any CPU.ActiveCfg = Debug|Any CPU
		{70279672-3B46-48F3-B218-C6B864FD123A}.Debug|Any CPU.Build.0 = Debug|Any CPU
		{70279672-3B46-48F3-B218-C6B864FD123A}.Release|Any CPU.ActiveCfg = Release|Any CPU
		{70279672-3B46-48F3-B218-C6B864FD123A}.Release|Any CPU.Build.0 = Release|Any CPU
		{6A35D4F5-76E9-43AD-ABF4-6C2E44C7A2EB}.Debug|Any CPU.ActiveCfg = Debug|Any CPU
		{6A35D4F5-76E9-43AD-ABF4-6C2E44C7A2EB}.Debug|Any CPU.Build.0 = Debug|Any CPU
		{6A35D4F5-76E9-43AD-ABF4-6C2E44C7A2EB}.Release|Any CPU.ActiveCfg = Release|Any CPU
		{6A35D4F5-76E9-43AD-ABF4-6C2E44C7A2EB}.Release|Any CPU.Build.0 = Release|Any CPU
		{02ACD82A-6F51-4F3C-B2F0-B53CE5013A2B}.Debug|Any CPU.ActiveCfg = Debug|Any CPU
		{02ACD82A-6F51-4F3C-B2F0-B53CE5013A2B}.Debug|Any CPU.Build.0 = Debug|Any CPU
		{02ACD82A-6F51-4F3C-B2F0-B53CE5013A2B}.Release|Any CPU.ActiveCfg = Release|Any CPU
		{02ACD82A-6F51-4F3C-B2F0-B53CE5013A2B}.Release|Any CPU.Build.0 = Release|Any CPU
		{A40A832A-5736-442A-88D4-5DDE71964193}.Debug|Any CPU.ActiveCfg = Debug|Any CPU
		{A40A832A-5736-442A-88D4-5DDE71964193}.Debug|Any CPU.Build.0 = Debug|Any CPU
		{A40A832A-5736-442A-88D4-5DDE71964193}.Release|Any CPU.ActiveCfg = Release|Any CPU
		{A40A832A-5736-442A-88D4-5DDE71964193}.Release|Any CPU.Build.0 = Release|Any CPU
		{C2504134-A19E-428F-8681-927152563DBB}.Debug|Any CPU.ActiveCfg = Debug|Any CPU
		{C2504134-A19E-428F-8681-927152563DBB}.Debug|Any CPU.Build.0 = Debug|Any CPU
		{C2504134-A19E-428F-8681-927152563DBB}.Release|Any CPU.ActiveCfg = Release|Any CPU
		{C2504134-A19E-428F-8681-927152563DBB}.Release|Any CPU.Build.0 = Release|Any CPU
		{10C25AF1-7791-4748-A83A-9C1C1FC20CA8}.Debug|Any CPU.ActiveCfg = Debug|Any CPU
		{10C25AF1-7791-4748-A83A-9C1C1FC20CA8}.Debug|Any CPU.Build.0 = Debug|Any CPU
		{10C25AF1-7791-4748-A83A-9C1C1FC20CA8}.Release|Any CPU.ActiveCfg = Release|Any CPU
		{10C25AF1-7791-4748-A83A-9C1C1FC20CA8}.Release|Any CPU.Build.0 = Release|Any CPU
		{C10B9995-46DF-4188-B2BC-7BF20EB9F466}.Debug|Any CPU.ActiveCfg = Debug|Any CPU
		{C10B9995-46DF-4188-B2BC-7BF20EB9F466}.Debug|Any CPU.Build.0 = Debug|Any CPU
		{C10B9995-46DF-4188-B2BC-7BF20EB9F466}.Release|Any CPU.ActiveCfg = Release|Any CPU
		{C10B9995-46DF-4188-B2BC-7BF20EB9F466}.Release|Any CPU.Build.0 = Release|Any CPU
		{194C995C-A9C3-44A5-801B-1284A89E6F32}.Debug|Any CPU.ActiveCfg = Debug|Any CPU
		{194C995C-A9C3-44A5-801B-1284A89E6F32}.Debug|Any CPU.Build.0 = Debug|Any CPU
		{194C995C-A9C3-44A5-801B-1284A89E6F32}.Release|Any CPU.ActiveCfg = Release|Any CPU
		{194C995C-A9C3-44A5-801B-1284A89E6F32}.Release|Any CPU.Build.0 = Release|Any CPU
		{CC90115D-4146-47D4-8B26-D773FAA51437}.Debug|Any CPU.ActiveCfg = Debug|Any CPU
		{CC90115D-4146-47D4-8B26-D773FAA51437}.Debug|Any CPU.Build.0 = Debug|Any CPU
		{CC90115D-4146-47D4-8B26-D773FAA51437}.Release|Any CPU.ActiveCfg = Release|Any CPU
		{CC90115D-4146-47D4-8B26-D773FAA51437}.Release|Any CPU.Build.0 = Release|Any CPU
	EndGlobalSection
	GlobalSection(NestedProjects) = preSolution
		{4759C8CF-60D3-4E26-9F4E-16C54728427E} = {C598935B-FA19-4671-96D9-DE9452A5A714}
		{453D2B34-390F-4226-89E5-DFF6B6031685} = {C598935B-FA19-4671-96D9-DE9452A5A714}
		{57C3337E-0D1C-470F-82BB-188DF846940D} = {C598935B-FA19-4671-96D9-DE9452A5A714}
		{4F11E200-A8E4-4017-8A87-7C4A3907C4A8} = {C598935B-FA19-4671-96D9-DE9452A5A714}
		{09EF58CF-E1C3-4336-AAF9-4538E41BE94D} = {C598935B-FA19-4671-96D9-DE9452A5A714}
		{9A2AC576-D027-4E14-862B-841B7C6B741F} = {C598935B-FA19-4671-96D9-DE9452A5A714}
		{7F35A131-2D3F-4863-B244-3447776FD4F2} = {C598935B-FA19-4671-96D9-DE9452A5A714}
		{8F61D102-D1EB-4412-AC70-5D5E42E34C3F} = {C598935B-FA19-4671-96D9-DE9452A5A714}
	EndGlobalSection
EndGlobal
