
Microsoft Visual Studio Solution File, Format Version 12.00
# Visual Studio Version 16
VisualStudioVersion = 16.0.810.0
MinimumVisualStudioVersion = 10.0.40219.1
Project("{FAE04EC0-301F-11D3-BF4B-00C04F79EFBC}") = "Damselfly.Core", "Damselfly.Core.csproj", "{C2191F63-D392-479F-9CE7-C085BB711C2D}"
EndProject
Global
	GlobalSection(SolutionConfigurationPlatforms) = preSolution
		Debug|Any CPU = Debug|Any CPU
		Release|Any CPU = Release|Any CPU
	EndGlobalSection
	GlobalSection(ProjectConfigurationPlatforms) = postSolution
		{C2191F63-D392-479F-9CE7-C085BB711C2D}.Debug|Any CPU.ActiveCfg = Debug|Any CPU
		{C2191F63-D392-479F-9CE7-C085BB711C2D}.Debug|Any CPU.Build.0 = Debug|Any CPU
		{C2191F63-D392-479F-9CE7-C085BB711C2D}.Release|Any CPU.ActiveCfg = Release|Any CPU
		{C2191F63-D392-479F-9CE7-C085BB711C2D}.Release|Any CPU.Build.0 = Release|Any CPU
	EndGlobalSection
	GlobalSection(SolutionProperties) = preSolution
		HideSolutionNode = FALSE
	EndGlobalSection
	GlobalSection(ExtensibilityGlobals) = postSolution
		SolutionGuid = {B9F31505-4D6D-4261-84BD-2091E402C68D}
	EndGlobalSection
EndGlobal
