
Microsoft Visual Studio Solution File, Format Version 12.00
# Visual Studio Version 16
VisualStudioVersion = 16.0.810.3
MinimumVisualStudioVersion = 10.0.40219.1
Project("{FAE04EC0-301F-11D3-BF4B-00C04F79EFBC}") = "Damselfly.ML.AccordFace", "Damselfly.ML.AccordFace.csproj", "{5668F52A-B838-43D9-92D2-DDD53116C130}"
EndProject
Global
	GlobalSection(SolutionConfigurationPlatforms) = preSolution
		Debug|Any CPU = Debug|Any CPU
		Release|Any CPU = Release|Any CPU
	EndGlobalSection
	GlobalSection(ProjectConfigurationPlatforms) = postSolution
		{5668F52A-B838-43D9-92D2-DDD53116C130}.Debug|Any CPU.ActiveCfg = Debug|Any CPU
		{5668F52A-B838-43D9-92D2-DDD53116C130}.Debug|Any CPU.Build.0 = Debug|Any CPU
		{5668F52A-B838-43D9-92D2-DDD53116C130}.Release|Any CPU.ActiveCfg = Release|Any CPU
		{5668F52A-B838-43D9-92D2-DDD53116C130}.Release|Any CPU.Build.0 = Release|Any CPU
	EndGlobalSection
	GlobalSection(SolutionProperties) = preSolution
		HideSolutionNode = FALSE
	EndGlobalSection
	GlobalSection(ExtensibilityGlobals) = postSolution
		SolutionGuid = {8B2A4168-7BB5-457B-9668-D7093AB1DD05}
	EndGlobalSection
EndGlobal
